
Microsoft Visual Studio Solution File, Format Version 12.00
# Visual Studio 15
VisualStudioVersion = 15.0.28307.1022
MinimumVisualStudioVersion = 10.0.40219.1
Project("{FAE04EC0-301F-11D3-BF4B-00C04F79EFBC}") = "RPS_Game", "RPS_Game\RPS_Game.csproj", "{858294C5-90BF-495E-B2B8-6A9A5709EBBC}"
EndProject
Global
	GlobalSection(SolutionConfigurationPlatforms) = preSolution
		Debug|Any CPU = Debug|Any CPU
		Release|Any CPU = Release|Any CPU
	EndGlobalSection
	GlobalSection(ProjectConfigurationPlatforms) = postSolution
		{858294C5-90BF-495E-B2B8-6A9A5709EBBC}.Debug|Any CPU.ActiveCfg = Debug|Any CPU
		{858294C5-90BF-495E-B2B8-6A9A5709EBBC}.Debug|Any CPU.Build.0 = Debug|Any CPU
		{858294C5-90BF-495E-B2B8-6A9A5709EBBC}.Release|Any CPU.ActiveCfg = Release|Any CPU
		{858294C5-90BF-495E-B2B8-6A9A5709EBBC}.Release|Any CPU.Build.0 = Release|Any CPU
	EndGlobalSection
	GlobalSection(SolutionProperties) = preSolution
		HideSolutionNode = FALSE
	EndGlobalSection
	GlobalSection(ExtensibilityGlobals) = postSolution
		SolutionGuid = {37A758A0-9742-4B4B-9D88-6A826CAEA3D7}
	EndGlobalSection
EndGlobal
